
Microsoft Visual Studio Solution File, Format Version 12.00
# Visual Studio Version 17
VisualStudioVersion = 17.8.34408.163
MinimumVisualStudioVersion = 10.0.40219.1
Project("{FAE04EC0-301F-11D3-BF4B-00C04F79EFBC}") = "PizzaBlazor8", "PizzaBlazor8\PizzaBlazor8.csproj", "{883F6ACA-46D5-4588-8F5F-408E7157F760}"
EndProject
Global
	GlobalSection(SolutionConfigurationPlatforms) = preSolution
		Debug|Any CPU = Debug|Any CPU
		Release|Any CPU = Release|Any CPU
	EndGlobalSection
	GlobalSection(ProjectConfigurationPlatforms) = postSolution
		{883F6ACA-46D5-4588-8F5F-408E7157F760}.Debug|Any CPU.ActiveCfg = Debug|Any CPU
		{883F6ACA-46D5-4588-8F5F-408E7157F760}.Debug|Any CPU.Build.0 = Debug|Any CPU
		{883F6ACA-46D5-4588-8F5F-408E7157F760}.Release|Any CPU.ActiveCfg = Release|Any CPU
		{883F6ACA-46D5-4588-8F5F-408E7157F760}.Release|Any CPU.Build.0 = Release|Any CPU
	EndGlobalSection
	GlobalSection(SolutionProperties) = preSolution
		HideSolutionNode = FALSE
	EndGlobalSection
	GlobalSection(ExtensibilityGlobals) = postSolution
		SolutionGuid = {A8C07ACF-59BB-4FD2-AB8A-BB99D5DB5C0B}
	EndGlobalSection
EndGlobal
